{
  "name": "ponarth-react",
  "lockfileVersion": 3,
  "requires": true,
  "packages": {
    "": {
      "dependencies": {
        "@types/yandex-maps": "^2.1.36"
      }
    },
    "node_modules/@types/yandex-maps": {
      "version": "2.1.36",
      "resolved": "https://registry.npmjs.org/@types/yandex-maps/-/yandex-maps-2.1.36.tgz",
      "integrity": "sha512-SxKOLe627WMFkC3jo7VelT29Uvbvg+LHRtD3cA6W0qWNuf7WQBv+lTaN+os1Vdum+EpglKBJbzjV8PJqwPZUQA=="
    }
  }
}
